// !$*UTF8*$!
{
	archiveVersion = 1;
	classes = {
	};
	objectVersion = 46;
	objects = {

/* Begin PBXBuildFile section */
		1DAC54931CBDED33002A0A3D /* AppDelegate.swift in Sources */ = {isa = PBXBuildFile; fileRef = 1DAC54921CBDED33002A0A3D /* AppDelegate.swift */; };
		1DAC54951CBDED33002A0A3D /* ViewController.swift in Sources */ = {isa = PBXBuildFile; fileRef = 1DAC54941CBDED33002A0A3D /* ViewController.swift */; };
		1DAC54981CBDED33002A0A3D /* Main.storyboard in Resources */ = {isa = PBXBuildFile; fileRef = 1DAC54961CBDED33002A0A3D /* Main.storyboard */; };
		1DAC549B1CBDED33002A0A3D /* Member.xcdatamodeld in Sources */ = {isa = PBXBuildFile; fileRef = 1DAC54991CBDED33002A0A3D /* Member.xcdatamodeld */; };
		1DAC549D1CBDED33002A0A3D /* Assets.xcassets in Resources */ = {isa = PBXBuildFile; fileRef = 1DAC549C1CBDED33002A0A3D /* Assets.xcassets */; };
		1DAC54A01CBDED33002A0A3D /* LaunchScreen.storyboard in Resources */ = {isa = PBXBuildFile; fileRef = 1DAC549E1CBDED33002A0A3D /* LaunchScreen.storyboard */; };
		1DAC54AB1CBDED33002A0A3D /* MemberTests.swift in Sources */ = {isa = PBXBuildFile; fileRef = 1DAC54AA1CBDED33002A0A3D /* MemberTests.swift */; };
		1DAC54B61CBDED33002A0A3D /* MemberUITests.swift in Sources */ = {isa = PBXBuildFile; fileRef = 1DAC54B51CBDED33002A0A3D /* MemberUITests.swift */; };
		1DAC54CA1CBE21EB002A0A3D /* RegisterViewController.swift in Sources */ = {isa = PBXBuildFile; fileRef = 1DAC54C91CBE21EB002A0A3D /* RegisterViewController.swift */; };
		1DAC54CC1CBE275C002A0A3D /* ProfileViewController.swift in Sources */ = {isa = PBXBuildFile; fileRef = 1DAC54CB1CBE275C002A0A3D /* ProfileViewController.swift */; };
/* End PBXBuildFile section */

/* Begin PBXContainerItemProxy section */
		1DAC54A71CBDED33002A0A3D /* PBXContainerItemProxy */ = {
			isa = PBXContainerItemProxy;
			containerPortal = 1DAC54871CBDED32002A0A3D /* Project object */;
			proxyType = 1;
			remoteGlobalIDString = 1DAC548E1CBDED32002A0A3D;
			remoteInfo = Member;
		};
		1DAC54B21CBDED33002A0A3D /* PBXContainerItemProxy */ = {
			isa = PBXContainerItemProxy;
			containerPortal = 1DAC54871CBDED32002A0A3D /* Project object */;
			proxyType = 1;
			remoteGlobalIDString = 1DAC548E1CBDED32002A0A3D;
			remoteInfo = Member;
		};
/* End PBXContainerItemProxy section */

/* Begin PBXFileReference section */
		1DAC548F1CBDED32002A0A3D /* Member.app */ = {isa = PBXFileReference; explicitFileType = wrapper.application; includeInIndex = 0; path = Member.app; sourceTree = BUILT_PRODUCTS_DIR; };
		1DAC54921CBDED33002A0A3D /* AppDelegate.swift */ = {isa = PBXFileReference; lastKnownFileType = sourcecode.swift; path = AppDelegate.swift; sourceTree = "<group>"; };
		1DAC54941CBDED33002A0A3D /* ViewController.swift */ = {isa = PBXFileReference; lastKnownFileType = sourcecode.swift; path = ViewController.swift; sourceTree = "<group>"; };
		1DAC54971CBDED33002A0A3D /* Base */ = {isa = PBXFileReference; lastKnownFileType = file.storyboard; name = Base; path = Base.lproj/Main.storyboard; sourceTree = "<group>"; };
		1DAC549A1CBDED33002A0A3D /* Member.xcdatamodel */ = {isa = PBXFileReference; lastKnownFileType = wrapper.xcdatamodel; path = Member.xcdatamodel; sourceTree = "<group>"; };
		1DAC549C1CBDED33002A0A3D /* Assets.xcassets */ = {isa = PBXFileReference; lastKnownFileType = folder.assetcatalog; path = Assets.xcassets; sourceTree = "<group>"; };
		1DAC549F1CBDED33002A0A3D /* Base */ = {isa = PBXFileReference; lastKnownFileType = file.storyboard; name = Base; path = Base.lproj/LaunchScreen.storyboard; sourceTree = "<group>"; };
		1DAC54A11CBDED33002A0A3D /* Info.plist */ = {isa = PBXFileReference; lastKnownFileType = text.plist.xml; path = Info.plist; sourceTree = "<group>"; };
		1DAC54A61CBDED33002A0A3D /* MemberTests.xctest */ = {isa = PBXFileReference; explicitFileType = wrapper.cfbundle; includeInIndex = 0; path = MemberTests.xctest; sourceTree = BUILT_PRODUCTS_DIR; };
		1DAC54AA1CBDED33002A0A3D /* MemberTests.swift */ = {isa = PBXFileReference; lastKnownFileType = sourcecode.swift; path = MemberTests.swift; sourceTree = "<group>"; };
		1DAC54AC1CBDED33002A0A3D /* Info.plist */ = {isa = PBXFileReference; lastKnownFileType = text.plist.xml; path = Info.plist; sourceTree = "<group>"; };
		1DAC54B11CBDED33002A0A3D /* MemberUITests.xctest */ = {isa = PBXFileReference; explicitFileType = wrapper.cfbundle; includeInIndex = 0; path = MemberUITests.xctest; sourceTree = BUILT_PRODUCTS_DIR; };
		1DAC54B51CBDED33002A0A3D /* MemberUITests.swift */ = {isa = PBXFileReference; lastKnownFileType = sourcecode.swift; path = MemberUITests.swift; sourceTree = "<group>"; };
		1DAC54B71CBDED33002A0A3D /* Info.plist */ = {isa = PBXFileReference; lastKnownFileType = text.plist.xml; path = Info.plist; sourceTree = "<group>"; };
		1DAC54C91CBE21EB002A0A3D /* RegisterViewController.swift */ = {isa = PBXFileReference; fileEncoding = 4; lastKnownFileType = sourcecode.swift; path = RegisterViewController.swift; sourceTree = "<group>"; };
		1DAC54CB1CBE275C002A0A3D /* ProfileViewController.swift */ = {isa = PBXFileReference; fileEncoding = 4; lastKnownFileType = sourcecode.swift; path = ProfileViewController.swift; sourceTree = "<group>"; };
/* End PBXFileReference section */

/* Begin PBXFrameworksBuildPhase section */
		1DAC548C1CBDED32002A0A3D /* Frameworks */ = {
			isa = PBXFrameworksBuildPhase;
			buildActionMask = 2147483647;
			files = (
			);
			runOnlyForDeploymentPostprocessing = 0;
		};
		1DAC54A31CBDED33002A0A3D /* Frameworks */ = {
			isa = PBXFrameworksBuildPhase;
			buildActionMask = 2147483647;
			files = (
			);
			runOnlyForDeploymentPostprocessing = 0;
		};
		1DAC54AE1CBDED33002A0A3D /* Frameworks */ = {
			isa = PBXFrameworksBuildPhase;
			buildActionMask = 2147483647;
			files = (
			);
			runOnlyForDeploymentPostprocessing = 0;
		};
/* End PBXFrameworksBuildPhase section */

/* Begin PBXGroup section */
		1DAC54861CBDED32002A0A3D = {
			isa = PBXGroup;
			children = (
				1DAC54911CBDED33002A0A3D /* Member */,
				1DAC54A91CBDED33002A0A3D /* MemberTests */,
				1DAC54B41CBDED33002A0A3D /* MemberUITests */,
				1DAC54901CBDED32002A0A3D /* Products */,
			);
			sourceTree = "<group>";
		};
		1DAC54901CBDED32002A0A3D /* Products */ = {
			isa = PBXGroup;
			children = (
				1DAC548F1CBDED32002A0A3D /* Member.app */,
				1DAC54A61CBDED33002A0A3D /* MemberTests.xctest */,
				1DAC54B11CBDED33002A0A3D /* MemberUITests.xctest */,
			);
			name = Products;
			sourceTree = "<group>";
		};
		1DAC54911CBDED33002A0A3D /* Member */ = {
			isa = PBXGroup;
			children = (
				1DAC54921CBDED33002A0A3D /* AppDelegate.swift */,
				1DAC54941CBDED33002A0A3D /* ViewController.swift */,
				1DAC54C91CBE21EB002A0A3D /* RegisterViewController.swift */,
				1DAC54CB1CBE275C002A0A3D /* ProfileViewController.swift */,
				1DAC54961CBDED33002A0A3D /* Main.storyboard */,
				1DAC549C1CBDED33002A0A3D /* Assets.xcassets */,
				1DAC549E1CBDED33002A0A3D /* LaunchScreen.storyboard */,
				1DAC54A11CBDED33002A0A3D /* Info.plist */,
				1DAC54991CBDED33002A0A3D /* Member.xcdatamodeld */,
			);
			path = Member;
			sourceTree = "<group>";
		};
		1DAC54A91CBDED33002A0A3D /* MemberTests */ = {
			isa = PBXGroup;
			children = (
				1DAC54AA1CBDED33002A0A3D /* MemberTests.swift */,
				1DAC54AC1CBDED33002A0A3D /* Info.plist */,
			);
			path = MemberTests;
			sourceTree = "<group>";
		};
		1DAC54B41CBDED33002A0A3D /* MemberUITests */ = {
			isa = PBXGroup;
			children = (
				1DAC54B51CBDED33002A0A3D /* MemberUITests.swift */,
				1DAC54B71CBDED33002A0A3D /* Info.plist */,
			);
			path = MemberUITests;
			sourceTree = "<group>";
		};
/* End PBXGroup section */

/* Begin PBXNativeTarget section */
		1DAC548E1CBDED32002A0A3D /* Member */ = {
			isa = PBXNativeTarget;
			buildConfigurationList = 1DAC54BA1CBDED33002A0A3D /* Build configuration list for PBXNativeTarget "Member" */;
			buildPhases = (
				1DAC548B1CBDED32002A0A3D /* Sources */,
				1DAC548C1CBDED32002A0A3D /* Frameworks */,
				1DAC548D1CBDED32002A0A3D /* Resources */,
			);
			buildRules = (
			);
			dependencies = (
			);
			name = Member;
			productName = Member;
			productReference = 1DAC548F1CBDED32002A0A3D /* Member.app */;
			productType = "com.apple.product-type.application";
		};
		1DAC54A51CBDED33002A0A3D /* MemberTests */ = {
			isa = PBXNativeTarget;
			buildConfigurationList = 1DAC54BD1CBDED33002A0A3D /* Build configuration list for PBXNativeTarget "MemberTests" */;
			buildPhases = (
				1DAC54A21CBDED33002A0A3D /* Sources */,
				1DAC54A31CBDED33002A0A3D /* Frameworks */,
				1DAC54A41CBDED33002A0A3D /* Resources */,
			);
			buildRules = (
			);
			dependencies = (
				1DAC54A81CBDED33002A0A3D /* PBXTargetDependency */,
			);
			name = MemberTests;
			productName = MemberTests;
			productReference = 1DAC54A61CBDED33002A0A3D /* MemberTests.xctest */;
			productType = "com.apple.product-type.bundle.unit-test";
		};
		1DAC54B01CBDED33002A0A3D /* MemberUITests */ = {
			isa = PBXNativeTarget;
			buildConfigurationList = 1DAC54C01CBDED33002A0A3D /* Build configuration list for PBXNativeTarget "MemberUITests" */;
			buildPhases = (
				1DAC54AD1CBDED33002A0A3D /* Sources */,
				1DAC54AE1CBDED33002A0A3D /* Frameworks */,
				1DAC54AF1CBDED33002A0A3D /* Resources */,
			);
			buildRules = (
			);
			dependencies = (
				1DAC54B31CBDED33002A0A3D /* PBXTargetDependency */,
			);
			name = MemberUITests;
			productName = MemberUITests;
			productReference = 1DAC54B11CBDED33002A0A3D /* MemberUITests.xctest */;
			productType = "com.apple.product-type.bundle.ui-testing";
		};
/* End PBXNativeTarget section */

/* Begin PBXProject section */
		1DAC54871CBDED32002A0A3D /* Project object */ = {
			isa = PBXProject;
			attributes = {
				LastSwiftUpdateCheck = 0730;
				LastUpgradeCheck = 0730;
				ORGANIZATIONNAME = "生蠔";
				TargetAttributes = {
					1DAC548E1CBDED32002A0A3D = {
						CreatedOnToolsVersion = 7.3;
					};
					1DAC54A51CBDED33002A0A3D = {
						CreatedOnToolsVersion = 7.3;
						TestTargetID = 1DAC548E1CBDED32002A0A3D;
					};
					1DAC54B01CBDED33002A0A3D = {
						CreatedOnToolsVersion = 7.3;
						TestTargetID = 1DAC548E1CBDED32002A0A3D;
					};
				};
			};
			buildConfigurationList = 1DAC548A1CBDED32002A0A3D /* Build configuration list for PBXProject "Member" */;
			compatibilityVersion = "Xcode 3.2";
			developmentRegion = English;
			hasScannedForEncodings = 0;
			knownRegions = (
				en,
				Base,
			);
			mainGroup = 1DAC54861CBDED32002A0A3D;
			productRefGroup = 1DAC54901CBDED32002A0A3D /* Products */;
			projectDirPath = "";
			projectRoot = "";
			targets = (
				1DAC548E1CBDED32002A0A3D /* Member */,
				1DAC54A51CBDED33002A0A3D /* MemberTests */,
				1DAC54B01CBDED33002A0A3D /* MemberUITests */,
			);
		};
/* End PBXProject section */

/* Begin PBXResourcesBuildPhase section */
		1DAC548D1CBDED32002A0A3D /* Resources */ = {
			isa = PBXResourcesBuildPhase;
			buildActionMask = 2147483647;
			files = (
				1DAC54A01CBDED33002A0A3D /* LaunchScreen.storyboard in Resources */,
				1DAC549D1CBDED33002A0A3D /* Assets.xcassets in Resources */,
				1DAC54981CBDED33002A0A3D /* Main.storyboard in Resources */,
			);
			runOnlyForDeploymentPostprocessing = 0;
		};
		1DAC54A41CBDED33002A0A3D /* Resources */ = {
			isa = PBXResourcesBuildPhase;
			buildActionMask = 2147483647;
			files = (
			);
			runOnlyForDeploymentPostprocessing = 0;
		};
		1DAC54AF1CBDED33002A0A3D /* Resources */ = {
			isa = PBXResourcesBuildPhase;
			buildActionMask = 2147483647;
			files = (
			);
			runOnlyForDeploymentPostprocessing = 0;
		};
/* End PBXResourcesBuildPhase section */

/* Begin PBXSourcesBuildPhase section */
		1DAC548B1CBDED32002A0A3D /* Sources */ = {
			isa = PBXSourcesBuildPhase;
			buildActionMask = 2147483647;
			files = (
				1DAC54CA1CBE21EB002A0A3D /* RegisterViewController.swift in Sources */,
				1DAC549B1CBDED33002A0A3D /* Member.xcdatamodeld in Sources */,
				1DAC54CC1CBE275C002A0A3D /* ProfileViewController.swift in Sources */,
				1DAC54951CBDED33002A0A3D /* ViewController.swift in Sources */,
				1DAC54931CBDED33002A0A3D /* AppDelegate.swift in Sources */,
			);
			runOnlyForDeploymentPostprocessing = 0;
		};
		1DAC54A21CBDED33002A0A3D /* Sources */ = {
			isa = PBXSourcesBuildPhase;
			buildActionMask = 2147483647;
			files = (
				1DAC54AB1CBDED33002A0A3D /* MemberTests.swift in Sources */,
			);
			runOnlyForDeploymentPostprocessing = 0;
		};
		1DAC54AD1CBDED33002A0A3D /* Sources */ = {
			isa = PBXSourcesBuildPhase;
			buildActionMask = 2147483647;
			files = (
				1DAC54B61CBDED33002A0A3D /* MemberUITests.swift in Sources */,
			);
			runOnlyForDeploymentPostprocessing = 0;
		};
/* End PBXSourcesBuildPhase section */

/* Begin PBXTargetDependency section */
		1DAC54A81CBDED33002A0A3D /* PBXTargetDependency */ = {
			isa = PBXTargetDependency;
			target = 1DAC548E1CBDED32002A0A3D /* Member */;
			targetProxy = 1DAC54A71CBDED33002A0A3D /* PBXContainerItemProxy */;
		};
		1DAC54B31CBDED33002A0A3D /* PBXTargetDependency */ = {
			isa = PBXTargetDependency;
			target = 1DAC548E1CBDED32002A0A3D /* Member */;
			targetProxy = 1DAC54B21CBDED33002A0A3D /* PBXContainerItemProxy */;
		};
/* End PBXTargetDependency section */

/* Begin PBXVariantGroup section */
		1DAC54961CBDED33002A0A3D /* Main.storyboard */ = {
			isa = PBXVariantGroup;
			children = (
				1DAC54971CBDED33002A0A3D /* Base */,
			);
			name = Main.storyboard;
			sourceTree = "<group>";
		};
		1DAC549E1CBDED33002A0A3D /* LaunchScreen.storyboard */ = {
			isa = PBXVariantGroup;
			children = (
				1DAC549F1CBDED33002A0A3D /* Base */,
			);
			name = LaunchScreen.storyboard;
			sourceTree = "<group>";
		};
/* End PBXVariantGroup section */

/* Begin XCBuildConfiguration section */
		1DAC54B81CBDED33002A0A3D /* Debug */ = {
			isa = XCBuildConfiguration;
			buildSettings = {
				ALWAYS_SEARCH_USER_PATHS = NO;
				CLANG_ANALYZER_NONNULL = YES;
				CLANG_CXX_LANGUAGE_STANDARD = "gnu++0x";
				CLANG_CXX_LIBRARY = "libc++";
				CLANG_ENABLE_MODULES = YES;
				CLANG_ENABLE_OBJC_ARC = YES;
				CLANG_WARN_BOOL_CONVERSION = YES;
				CLANG_WARN_CONSTANT_CONVERSION = YES;
				CLANG_WARN_DIRECT_OBJC_ISA_USAGE = YES_ERROR;
				CLANG_WARN_EMPTY_BODY = YES;
				CLANG_WARN_ENUM_CONVERSION = YES;
				CLANG_WARN_INT_CONVERSION = YES;
				CLANG_WARN_OBJC_ROOT_CLASS = YES_ERROR;
				CLANG_WARN_UNREACHABLE_CODE = YES;
				CLANG_WARN__DUPLICATE_METHOD_MATCH = YES;
				"CODE_SIGN_IDENTITY[sdk=iphoneos*]" = "iPhone Developer";
				COPY_PHASE_STRIP = NO;
				DEBUG_INFORMATION_FORMAT = dwarf;
				ENABLE_STRICT_OBJC_MSGSEND = YES;
				ENABLE_TESTABILITY = YES;
				GCC_C_LANGUAGE_STANDARD = gnu99;
				GCC_DYNAMIC_NO_PIC = NO;
				GCC_NO_COMMON_BLOCKS = YES;
				GCC_OPTIMIZATION_LEVEL = 0;
				GCC_PREPROCESSOR_DEFINITIONS = (
					"DEBUG=1",
					"$(inherited)",
				);
				GCC_WARN_64_TO_32_BIT_CONVERSION = YES;
				GCC_WARN_ABOUT_RETURN_TYPE = YES_ERROR;
				GCC_WARN_UNDECLARED_SELECTOR = YES;
				GCC_WARN_UNINITIALIZED_AUTOS = YES_AGGRESSIVE;
				GCC_WARN_UNUSED_FUNCTION = YES;
				GCC_WARN_UNUSED_VARIABLE = YES;
				IPHONEOS_DEPLOYMENT_TARGET = 9.3;
				MTL_ENABLE_DEBUG_INFO = YES;
				ONLY_ACTIVE_ARCH = YES;
				SDKROOT = iphoneos;
				SWIFT_OPTIMIZATION_LEVEL = "-Onone";
			};
			name = Debug;
		};
		1DAC54B91CBDED33002A0A3D /* Release */ = {
			isa = XCBuildConfiguration;
			buildSettings = {
				ALWAYS_SEARCH_USER_PATHS = NO;
				CLANG_ANALYZER_NONNULL = YES;
				CLANG_CXX_LANGUAGE_STANDARD = "gnu++0x";
				CLANG_CXX_LIBRARY = "libc++";
				CLANG_ENABLE_MODULES = YES;
				CLANG_ENABLE_OBJC_ARC = YES;
				CLANG_WARN_BOOL_CONVERSION = YES;
				CLANG_WARN_CONSTANT_CONVERSION = YES;
				CLANG_WARN_DIRECT_OBJC_ISA_USAGE = YES_ERROR;
				CLANG_WARN_EMPTY_BODY = YES;
				CLANG_WARN_ENUM_CONVERSION = YES;
				CLANG_WARN_INT_CONVERSION = YES;
				CLANG_WARN_OBJC_ROOT_CLASS = YES_ERROR;
				CLANG_WARN_UNREACHABLE_CODE = YES;
				CLANG_WARN__DUPLICATE_METHOD_MATCH = YES;
				"CODE_SIGN_IDENTITY[sdk=iphoneos*]" = "iPhone Developer";
				COPY_PHASE_STRIP = NO;
				DEBUG_INFORMATION_FORMAT = "dwarf-with-dsym";
				ENABLE_NS_ASSERTIONS = NO;
				ENABLE_STRICT_OBJC_MSGSEND = YES;
				GCC_C_LANGUAGE_STANDARD = gnu99;
				GCC_NO_COMMON_BLOCKS = YES;
				GCC_WARN_64_TO_32_BIT_CONVERSION = YES;
				GCC_WARN_ABOUT_RETURN_TYPE = YES_ERROR;
				GCC_WARN_UNDECLARED_SELECTOR = YES;
				GCC_WARN_UNINITIALIZED_AUTOS = YES_AGGRESSIVE;
				GCC_WARN_UNUSED_FUNCTION = YES;
				GCC_WARN_UNUSED_VARIABLE = YES;
				IPHONEOS_DEPLOYMENT_TARGET = 9.3;
				MTL_ENABLE_DEBUG_INFO = NO;
				SDKROOT = iphoneos;
				VALIDATE_PRODUCT = YES;
			};
			name = Release;
		};
		1DAC54BB1CBDED33002A0A3D /* Debug */ = {
			isa = XCBuildConfiguration;
			buildSettings = {
				ASSETCATALOG_COMPILER_APPICON_NAME = AppIcon;
				INFOPLIST_FILE = Member/Info.plist;
				LD_RUNPATH_SEARCH_PATHS = "$(inherited) @executable_path/Frameworks";
				PRODUCT_BUNDLE_IDENTIFIER = Su.Member;
				PRODUCT_NAME = "$(TARGET_NAME)";
			};
			name = Debug;
		};
		1DAC54BC1CBDED33002A0A3D /* Release */ = {
			isa = XCBuildConfiguration;
			buildSettings = {
				ASSETCATALOG_COMPILER_APPICON_NAME = AppIcon;
				INFOPLIST_FILE = Member/Info.plist;
				LD_RUNPATH_SEARCH_PATHS = "$(inherited) @executable_path/Frameworks";
				PRODUCT_BUNDLE_IDENTIFIER = Su.Member;
				PRODUCT_NAME = "$(TARGET_NAME)";
			};
			name = Release;
		};
		1DAC54BE1CBDED33002A0A3D /* Debug */ = {
			isa = XCBuildConfiguration;
			buildSettings = {
				BUNDLE_LOADER = "$(TEST_HOST)";
				INFOPLIST_FILE = MemberTests/Info.plist;
				LD_RUNPATH_SEARCH_PATHS = "$(inherited) @executable_path/Frameworks @loader_path/Frameworks";
				PRODUCT_BUNDLE_IDENTIFIER = Su.MemberTests;
				PRODUCT_NAME = "$(TARGET_NAME)";
				TEST_HOST = "$(BUILT_PRODUCTS_DIR)/Member.app/Member";
			};
			name = Debug;
		};
		1DAC54BF1CBDED33002A0A3D /* Release */ = {
			isa = XCBuildConfiguration;
			buildSettings = {
				BUNDLE_LOADER = "$(TEST_HOST)";
				INFOPLIST_FILE = MemberTests/Info.plist;
				LD_RUNPATH_SEARCH_PATHS = "$(inherited) @executable_path/Frameworks @loader_path/Frameworks";
				PRODUCT_BUNDLE_IDENTIFIER = Su.MemberTests;
				PRODUCT_NAME = "$(TARGET_NAME)";
				TEST_HOST = "$(BUILT_PRODUCTS_DIR)/Member.app/Member";
			};
			name = Release;
		};
		1DAC54C11CBDED33002A0A3D /* Debug */ = {
			isa = XCBuildConfiguration;
			buildSettings = {
				INFOPLIST_FILE = MemberUITests/Info.plist;
				LD_RUNPATH_SEARCH_PATHS = "$(inherited) @executable_path/Frameworks @loader_path/Frameworks";
				PRODUCT_BUNDLE_IDENTIFIER = Su.MemberUITests;
				PRODUCT_NAME = "$(TARGET_NAME)";
				TEST_TARGET_NAME = Member;
			};
			name = Debug;
		};
		1DAC54C21CBDED33002A0A3D /* Release */ = {
			isa = XCBuildConfiguration;
			buildSettings = {
				INFOPLIST_FILE = MemberUITests/Info.plist;
				LD_RUNPATH_SEARCH_PATHS = "$(inherited) @executable_path/Frameworks @loader_path/Frameworks";
				PRODUCT_BUNDLE_IDENTIFIER = Su.MemberUITests;
				PRODUCT_NAME = "$(TARGET_NAME)";
				TEST_TARGET_NAME = Member;
			};
			name = Release;
		};
/* End XCBuildConfiguration section */

/* Begin XCConfigurationList section */
		1DAC548A1CBDED32002A0A3D /* Build configuration list for PBXProject "Member" */ = {
			isa = XCConfigurationList;
			buildConfigurations = (
				1DAC54B81CBDED33002A0A3D /* Debug */,
				1DAC54B91CBDED33002A0A3D /* Release */,
			);
			defaultConfigurationIsVisible = 0;
			defaultConfigurationName = Release;
		};
		1DAC54BA1CBDED33002A0A3D /* Build configuration list for PBXNativeTarget "Member" */ = {
			isa = XCConfigurationList;
			buildConfigurations = (
				1DAC54BB1CBDED33002A0A3D /* Debug */,
				1DAC54BC1CBDED33002A0A3D /* Release */,
			);
			defaultConfigurationIsVisible = 0;
			defaultConfigurationName = Release;
		};
		1DAC54BD1CBDED33002A0A3D /* Build configuration list for PBXNativeTarget "MemberTests" */ = {
			isa = XCConfigurationList;
			buildConfigurations = (
				1DAC54BE1CBDED33002A0A3D /* Debug */,
				1DAC54BF1CBDED33002A0A3D /* Release */,
			);
			defaultConfigurationIsVisible = 0;
			defaultConfigurationName = Release;
		};
		1DAC54C01CBDED33002A0A3D /* Build configuration list for PBXNativeTarget "MemberUITests" */ = {
			isa = XCConfigurationList;
			buildConfigurations = (
				1DAC54C11CBDED33002A0A3D /* Debug */,
				1DAC54C21CBDED33002A0A3D /* Release */,
			);
			defaultConfigurationIsVisible = 0;
			defaultConfigurationName = Release;
		};
/* End XCConfigurationList section */

/* Begin XCVersionGroup section */
		1DAC54991CBDED33002A0A3D /* Member.xcdatamodeld */ = {
			isa = XCVersionGroup;
			children = (
				1DAC549A1CBDED33002A0A3D /* Member.xcdatamodel */,
			);
			currentVersion = 1DAC549A1CBDED33002A0A3D /* Member.xcdatamodel */;
			path = Member.xcdatamodeld;
			sourceTree = "<group>";
			versionGroupType = wrapper.xcdatamodel;
		};
/* End XCVersionGroup section */
	};
	rootObject = 1DAC54871CBDED32002A0A3D /* Project object */;
}
